PODS:
  - Alamofire (4.5.1)
  - DeckTransition (1.4.0)
  - Kingfisher (4.2.0)
  - SnapKit (4.0.0)
  - Sourcery (0.10.1)
  - SwiftTheme (0.4.0)
  - SwiftyJSON (3.1.4)

DEPENDENCIES:
  - Alamofire
  - DeckTransition
  - Kingfisher
  - SnapKit
  - Sourcery
  - SwiftTheme
  - SwiftyJSON

SPEC CHECKSUMS:
  Alamofire: 2d95912bf4c34f164fdfc335872e8c312acaea4a
  DeckTransition: d678005a9b35c2745fe8b683c39c41f840ad69d7
  Kingfisher: 9ee7e788d8ba07c3f21ce0d43f33cec310a4f781
  SnapKit: a42d492c16e80209130a3379f73596c3454b7694
  Sourcery: ac71ac4d490f62fd381a9f3b558f3093d91bddd5
  SwiftTheme: 548eff28a606d0975e04b2e708b879d7eea660f6
  SwiftyJSON: c2842d878f95482ffceec5709abc3d05680c0220

PODFILE CHECKSUM: 53cb90ff71c7b0de9c60450feccdc0e7179cd1a8

COCOAPODS: 1.3.1
