PODS:
  - Alamofire (4.6.0)
  - Crashlytics (3.9.3):
    - Fabric (~> 1.7.2)
  - DeckTransition (1.4.2)
  - Fabric (1.7.2)
  - Kingfisher (4.6.1)
  - SnapKit (4.0.0)
  - Sourcery (0.10.1)
  - SwiftTheme (0.4.1)
  - SwiftyJSON (4.0.0)

DEPENDENCIES:
  - Alamofire
  - Crashlytics
  - DeckTransition (= 1.4.2)
  - Fabric
  - Kingfisher
  - SnapKit
  - Sourcery
  - SwiftTheme
  - SwiftyJSON

SPEC REPOS:
  https://github.com/cocoapods/specs.git:
    - Alamofire
    - Crashlytics
    - DeckTransition
    - Fabric
    - Kingfisher
    - SnapKit
    - Sourcery
    - SwiftTheme
    - SwiftyJSON

SPEC CHECKSUMS:
  Alamofire: f41a599bd63041760b26d393ec1069d9d7b917f4
  Crashlytics: dbb07d01876c171c5ccbdf7826410380189e452c
  DeckTransition: 56330226ddbefd2ddc9f57b8b56d37e0e93e6b91
  Fabric: 9cd6a848efcf1b8b07497e0b6a2e7d336353ba15
  Kingfisher: 1f9157d9c02b380cbd0b7cc890161195164eb634
  SnapKit: a42d492c16e80209130a3379f73596c3454b7694
  Sourcery: ac71ac4d490f62fd381a9f3b558f3093d91bddd5
  SwiftTheme: 36d71c4eed4b2c401c782cf036e4586c749a8173
  SwiftyJSON: 070dabdcb1beb81b247c65ffa3a79dbbfb3b48aa

PODFILE CHECKSUM: 5858c8a8940c676e1534ee7ba14db4dfc04c11aa

COCOAPODS: 1.5.3
