// !$*UTF8*$!
{
	archiveVersion = 1;
	classes = {
	};
	objectVersion = 48;
	objects = {

/* Begin PBXBuildFile section */
		1102CFFB1F7FE11200F81CBF /* IconTextFieldTests.swift in Sources */ = {isa = PBXBuildFile; fileRef = 1102CFFA1F7FE11200F81CBF /* IconTextFieldTests.swift */; };
		1170EB0E1F7D74DC0089FA7D /* SearchTransition.swift in Sources */ = {isa = PBXBuildFile; fileRef = 1170EB0D1F7D74DC0089FA7D /* SearchTransition.swift */; };
		118C8BDC1F7E8DC80018015E /* ColorConstant.swift in Sources */ = {isa = PBXBuildFile; fileRef = 118C8BDB1F7E8DC80018015E /* ColorConstant.swift */; };
		11B2E1AE1F7E7E7200C1DA20 /* SearchConstant.swift in Sources */ = {isa = PBXBuildFile; fileRef = 11B2E1AD1F7E7E7200C1DA20 /* SearchConstant.swift */; };
		11B6A6F21F7C5D2700AD3FCE /* AppDelegate.swift in Sources */ = {isa = PBXBuildFile; fileRef = 11B6A6F11F7C5D2700AD3FCE /* AppDelegate.swift */; };
		11B6A6F41F7C5D2700AD3FCE /* ViewController.swift in Sources */ = {isa = PBXBuildFile; fileRef = 11B6A6F31F7C5D2700AD3FCE /* ViewController.swift */; };
		11B6A6FA1F7C5D2700AD3FCE /* SeasonOne.xcdatamodeld in Sources */ = {isa = PBXBuildFile; fileRef = 11B6A6F81F7C5D2700AD3FCE /* SeasonOne.xcdatamodeld */; };
		11B6A6FC1F7C5D2700AD3FCE /* Assets.xcassets in Resources */ = {isa = PBXBuildFile; fileRef = 11B6A6FB1F7C5D2700AD3FCE /* Assets.xcassets */; };
		11B6A6FF1F7C5D2700AD3FCE /* LaunchScreen.storyboard in Resources */ = {isa = PBXBuildFile; fileRef = 11B6A6FD1F7C5D2700AD3FCE /* LaunchScreen.storyboard */; };
		11DEDA971F7EDA520048F9DC /* SearchUITests.swift in Sources */ = {isa = PBXBuildFile; fileRef = 11DEDA961F7EDA520048F9DC /* SearchUITests.swift */; };
		11E4BCA61F7D122F00169F6C /* SearchController.swift in Sources */ = {isa = PBXBuildFile; fileRef = 11E4BCA51F7D122F00169F6C /* SearchController.swift */; };
		11E4BCA81F7D125E00169F6C /* IconTextField.swift in Sources */ = {isa = PBXBuildFile; fileRef = 11E4BCA71F7D125E00169F6C /* IconTextField.swift */; };
		11E4BCAB1F7D130300169F6C /* UIImage.swift in Sources */ = {isa = PBXBuildFile; fileRef = 11E4BCAA1F7D130300169F6C /* UIImage.swift */; };
		11ED81721F811A6200E8379E /* FontConstant.swift in Sources */ = {isa = PBXBuildFile; fileRef = 11ED81711F811A6200E8379E /* FontConstant.swift */; };
		11ED81781F81227200E8379E /* Montserrat-Bold.ttf in Resources */ = {isa = PBXBuildFile; fileRef = 11ED81741F81227200E8379E /* Montserrat-Bold.ttf */; };
		11ED81791F81227200E8379E /* Montserrat-Light.ttf in Resources */ = {isa = PBXBuildFile; fileRef = 11ED81751F81227200E8379E /* Montserrat-Light.ttf */; };
		11ED817A1F81227200E8379E /* Montserrat-Medium.ttf in Resources */ = {isa = PBXBuildFile; fileRef = 11ED81761F81227200E8379E /* Montserrat-Medium.ttf */; };
		11ED817B1F81227200E8379E /* Montserrat-Regular.ttf in Resources */ = {isa = PBXBuildFile; fileRef = 11ED81771F81227200E8379E /* Montserrat-Regular.ttf */; };
		434D75350F39B78EB1F2CE62 /* Pods_SeasonOne.framework in Frameworks */ = {isa = PBXBuildFile; fileRef = 49E79E4AD39BD23FC3CC00B7 /* Pods_SeasonOne.framework */; };
/* End PBXBuildFile section */

/* Begin PBXContainerItemProxy section */
		11B6A7061F7C5D2700AD3FCE /* PBXContainerItemProxy */ = {
			isa = PBXContainerItemProxy;
			containerPortal = 11B6A6E61F7C5D2700AD3FCE /* Project object */;
			proxyType = 1;
			remoteGlobalIDString = 11B6A6ED1F7C5D2700AD3FCE;
			remoteInfo = SeasonOne;
		};
		11B6A7111F7C5D2700AD3FCE /* PBXContainerItemProxy */ = {
			isa = PBXContainerItemProxy;
			containerPortal = 11B6A6E61F7C5D2700AD3FCE /* Project object */;
			proxyType = 1;
			remoteGlobalIDString = 11B6A6ED1F7C5D2700AD3FCE;
			remoteInfo = SeasonOne;
		};
/* End PBXContainerItemProxy section */

/* Begin PBXFileReference section */
		1102CFFA1F7FE11200F81CBF /* IconTextFieldTests.swift */ = {isa = PBXFileReference; lastKnownFileType = sourcecode.swift; path = IconTextFieldTests.swift; sourceTree = "<group>"; };
		1170EB0D1F7D74DC0089FA7D /* SearchTransition.swift */ = {isa = PBXFileReference; lastKnownFileType = sourcecode.swift; path = SearchTransition.swift; sourceTree = "<group>"; };
		118C8BDB1F7E8DC80018015E /* ColorConstant.swift */ = {isa = PBXFileReference; lastKnownFileType = sourcecode.swift; path = ColorConstant.swift; sourceTree = "<group>"; };
		11B2E1AD1F7E7E7200C1DA20 /* SearchConstant.swift */ = {isa = PBXFileReference; lastKnownFileType = sourcecode.swift; path = SearchConstant.swift; sourceTree = "<group>"; };
		11B6A6EE1F7C5D2700AD3FCE /* SeasonOne.app */ = {isa = PBXFileReference; explicitFileType = wrapper.application; includeInIndex = 0; path = SeasonOne.app; sourceTree = BUILT_PRODUCTS_DIR; };
		11B6A6F11F7C5D2700AD3FCE /* AppDelegate.swift */ = {isa = PBXFileReference; lastKnownFileType = sourcecode.swift; path = AppDelegate.swift; sourceTree = "<group>"; };
		11B6A6F31F7C5D2700AD3FCE /* ViewController.swift */ = {isa = PBXFileReference; lastKnownFileType = sourcecode.swift; path = ViewController.swift; sourceTree = "<group>"; };
		11B6A6F91F7C5D2700AD3FCE /* SeasonOne.xcdatamodel */ = {isa = PBXFileReference; lastKnownFileType = wrapper.xcdatamodel; path = SeasonOne.xcdatamodel; sourceTree = "<group>"; };
		11B6A6FB1F7C5D2700AD3FCE /* Assets.xcassets */ = {isa = PBXFileReference; lastKnownFileType = folder.assetcatalog; path = Assets.xcassets; sourceTree = "<group>"; };
		11B6A6FE1F7C5D2700AD3FCE /* Base */ = {isa = PBXFileReference; lastKnownFileType = file.storyboard; name = Base; path = Base.lproj/LaunchScreen.storyboard; sourceTree = "<group>"; };
		11B6A7001F7C5D2700AD3FCE /* Info.plist */ = {isa = PBXFileReference; lastKnownFileType = text.plist.xml; path = Info.plist; sourceTree = "<group>"; };
		11B6A7051F7C5D2700AD3FCE /* SeasonOneTests.xctest */ = {isa = PBXFileReference; explicitFileType = wrapper.cfbundle; includeInIndex = 0; path = SeasonOneTests.xctest; sourceTree = BUILT_PRODUCTS_DIR; };
		11B6A70B1F7C5D2700AD3FCE /* Info.plist */ = {isa = PBXFileReference; lastKnownFileType = text.plist.xml; path = Info.plist; sourceTree = "<group>"; };
		11B6A7101F7C5D2700AD3FCE /* SeasonOneUITests.xctest */ = {isa = PBXFileReference; explicitFileType = wrapper.cfbundle; includeInIndex = 0; path = SeasonOneUITests.xctest; sourceTree = BUILT_PRODUCTS_DIR; };
		11B6A7161F7C5D2700AD3FCE /* Info.plist */ = {isa = PBXFileReference; lastKnownFileType = text.plist.xml; path = Info.plist; sourceTree = "<group>"; };
		11DEDA961F7EDA520048F9DC /* SearchUITests.swift */ = {isa = PBXFileReference; lastKnownFileType = sourcecode.swift; path = SearchUITests.swift; sourceTree = "<group>"; };
		11E4BCA51F7D122F00169F6C /* SearchController.swift */ = {isa = PBXFileReference; lastKnownFileType = sourcecode.swift; path = SearchController.swift; sourceTree = "<group>"; };
		11E4BCA71F7D125E00169F6C /* IconTextField.swift */ = {isa = PBXFileReference; lastKnownFileType = sourcecode.swift; path = IconTextField.swift; sourceTree = "<group>"; };
		11E4BCAA1F7D130300169F6C /* UIImage.swift */ = {isa = PBXFileReference; lastKnownFileType = sourcecode.swift; path = UIImage.swift; sourceTree = "<group>"; };
		11ED81711F811A6200E8379E /* FontConstant.swift */ = {isa = PBXFileReference; lastKnownFileType = sourcecode.swift; path = FontConstant.swift; sourceTree = "<group>"; };
		11ED81741F81227200E8379E /* Montserrat-Bold.ttf */ = {isa = PBXFileReference; lastKnownFileType = file; path = "Montserrat-Bold.ttf"; sourceTree = "<group>"; };
		11ED81751F81227200E8379E /* Montserrat-Light.ttf */ = {isa = PBXFileReference; lastKnownFileType = file; path = "Montserrat-Light.ttf"; sourceTree = "<group>"; };
		11ED81761F81227200E8379E /* Montserrat-Medium.ttf */ = {isa = PBXFileReference; lastKnownFileType = file; path = "Montserrat-Medium.ttf"; sourceTree = "<group>"; };
		11ED81771F81227200E8379E /* Montserrat-Regular.ttf */ = {isa = PBXFileReference; lastKnownFileType = file; path = "Montserrat-Regular.ttf"; sourceTree = "<group>"; };
		49E79E4AD39BD23FC3CC00B7 /* Pods_SeasonOne.framework */ = {isa = PBXFileReference; explicitFileType = wrapper.framework; includeInIndex = 0; path = Pods_SeasonOne.framework; sourceTree = BUILT_PRODUCTS_DIR; };
		A6AEBBAC6AA64E853FED9642 /* Pods-SeasonOne.release.xcconfig */ = {isa = PBXFileReference; includeInIndex = 1; lastKnownFileType = text.xcconfig; name = "Pods-SeasonOne.release.xcconfig"; path = "Pods/Target Support Files/Pods-SeasonOne/Pods-SeasonOne.release.xcconfig"; sourceTree = "<group>"; };
		B7B39545EBCAF3F9F95D170D /* Pods-SeasonOne.debug.xcconfig */ = {isa = PBXFileReference; includeInIndex = 1; lastKnownFileType = text.xcconfig; name = "Pods-SeasonOne.debug.xcconfig"; path = "Pods/Target Support Files/Pods-SeasonOne/Pods-SeasonOne.debug.xcconfig"; sourceTree = "<group>"; };
/* End PBXFileReference section */

/* Begin PBXFrameworksBuildPhase section */
		11B6A6EB1F7C5D2700AD3FCE /* Frameworks */ = {
			isa = PBXFrameworksBuildPhase;
			buildActionMask = 2147483647;
			files = (
				434D75350F39B78EB1F2CE62 /* Pods_SeasonOne.framework in Frameworks */,
			);
			runOnlyForDeploymentPostprocessing = 0;
		};
		11B6A7021F7C5D2700AD3FCE /* Frameworks */ = {
			isa = PBXFrameworksBuildPhase;
			buildActionMask = 2147483647;
			files = (
			);
			runOnlyForDeploymentPostprocessing = 0;
		};
		11B6A70D1F7C5D2700AD3FCE /* Frameworks */ = {
			isa = PBXFrameworksBuildPhase;
			buildActionMask = 2147483647;
			files = (
			);
			runOnlyForDeploymentPostprocessing = 0;
		};
/* End PBXFrameworksBuildPhase section */

/* Begin PBXGroup section */
		118C8BDA1F7E80A60018015E /* Transition */ = {
			isa = PBXGroup;
			children = (
				1170EB0D1F7D74DC0089FA7D /* SearchTransition.swift */,
			);
			path = Transition;
			sourceTree = "<group>";
		};
		11B6A6E51F7C5D2700AD3FCE = {
			isa = PBXGroup;
			children = (
				11ED81601F81188F00E8379E /* Ressources */,
				11B6A6F01F7C5D2700AD3FCE /* SeasonOne */,
				11B6A7081F7C5D2700AD3FCE /* SeasonOneTests */,
				11B6A7131F7C5D2700AD3FCE /* SeasonOneUITests */,
				11B6A6EF1F7C5D2700AD3FCE /* Products */,
				F2C710532032AB339822BD9A /* Pods */,
				FB113179A89C6E8FDB1E5A4B /* Frameworks */,
			);
			sourceTree = "<group>";
		};
		11B6A6EF1F7C5D2700AD3FCE /* Products */ = {
			isa = PBXGroup;
			children = (
				11B6A6EE1F7C5D2700AD3FCE /* SeasonOne.app */,
				11B6A7051F7C5D2700AD3FCE /* SeasonOneTests.xctest */,
				11B6A7101F7C5D2700AD3FCE /* SeasonOneUITests.xctest */,
			);
			name = Products;
			sourceTree = "<group>";
		};
		11B6A6F01F7C5D2700AD3FCE /* SeasonOne */ = {
			isa = PBXGroup;
			children = (
				11E4BCA41F7D11C900169F6C /* Model */,
				11E4BCA31F7D11C400169F6C /* View */,
				11E4BCA21F7D11B500169F6C /* Controller */,
				11ED81731F811DBC00E8379E /* Constant */,
				118C8BDA1F7E80A60018015E /* Transition */,
				11E4BCA91F7D12DB00169F6C /* Helper */,
				11B6A6F11F7C5D2700AD3FCE /* AppDelegate.swift */,
				11B6A6FB1F7C5D2700AD3FCE /* Assets.xcassets */,
				11B6A6FD1F7C5D2700AD3FCE /* LaunchScreen.storyboard */,
				11B6A7001F7C5D2700AD3FCE /* Info.plist */,
				11B6A6F81F7C5D2700AD3FCE /* SeasonOne.xcdatamodeld */,
			);
			path = SeasonOne;
			sourceTree = "<group>";
		};
		11B6A7081F7C5D2700AD3FCE /* SeasonOneTests */ = {
			isa = PBXGroup;
			children = (
				11B6A70B1F7C5D2700AD3FCE /* Info.plist */,
				1102CFFA1F7FE11200F81CBF /* IconTextFieldTests.swift */,
			);
			path = SeasonOneTests;
			sourceTree = "<group>";
		};
		11B6A7131F7C5D2700AD3FCE /* SeasonOneUITests */ = {
			isa = PBXGroup;
			children = (
				11B6A7161F7C5D2700AD3FCE /* Info.plist */,
				11DEDA961F7EDA520048F9DC /* SearchUITests.swift */,
			);
			path = SeasonOneUITests;
			sourceTree = "<group>";
		};
		11E4BCA21F7D11B500169F6C /* Controller */ = {
			isa = PBXGroup;
			children = (
				11B6A6F31F7C5D2700AD3FCE /* ViewController.swift */,
				11E4BCA51F7D122F00169F6C /* SearchController.swift */,
			);
			path = Controller;
			sourceTree = "<group>";
		};
		11E4BCA31F7D11C400169F6C /* View */ = {
			isa = PBXGroup;
			children = (
				11E4BCA71F7D125E00169F6C /* IconTextField.swift */,
			);
			path = View;
			sourceTree = "<group>";
		};
		11E4BCA41F7D11C900169F6C /* Model */ = {
			isa = PBXGroup;
			children = (
			);
			path = Model;
			sourceTree = "<group>";
		};
		11E4BCA91F7D12DB00169F6C /* Helper */ = {
			isa = PBXGroup;
			children = (
				11E4BCAA1F7D130300169F6C /* UIImage.swift */,
			);
			path = Helper;
			sourceTree = "<group>";
		};
		11ED81601F81188F00E8379E /* Ressources */ = {
			isa = PBXGroup;
			children = (
				11ED81741F81227200E8379E /* Montserrat-Bold.ttf */,
				11ED81751F81227200E8379E /* Montserrat-Light.ttf */,
				11ED81761F81227200E8379E /* Montserrat-Medium.ttf */,
				11ED81771F81227200E8379E /* Montserrat-Regular.ttf */,
			);
			path = Ressources;
			sourceTree = "<group>";
		};
		11ED81731F811DBC00E8379E /* Constant */ = {
			isa = PBXGroup;
			children = (
				11B2E1AD1F7E7E7200C1DA20 /* SearchConstant.swift */,
				118C8BDB1F7E8DC80018015E /* ColorConstant.swift */,
				11ED81711F811A6200E8379E /* FontConstant.swift */,
			);
			path = Constant;
			sourceTree = "<group>";
		};
		F2C710532032AB339822BD9A /* Pods */ = {
			isa = PBXGroup;
			children = (
				B7B39545EBCAF3F9F95D170D /* Pods-SeasonOne.debug.xcconfig */,
				A6AEBBAC6AA64E853FED9642 /* Pods-SeasonOne.release.xcconfig */,
			);
			name = Pods;
			sourceTree = "<group>";
		};
		FB113179A89C6E8FDB1E5A4B /* Frameworks */ = {
			isa = PBXGroup;
			children = (
				49E79E4AD39BD23FC3CC00B7 /* Pods_SeasonOne.framework */,
			);
			name = Frameworks;
			sourceTree = "<group>";
		};
/* End PBXGroup section */

/* Begin PBXNativeTarget section */
		11B6A6ED1F7C5D2700AD3FCE /* SeasonOne */ = {
			isa = PBXNativeTarget;
			buildConfigurationList = 11B6A7191F7C5D2700AD3FCE /* Build configuration list for PBXNativeTarget "SeasonOne" */;
			buildPhases = (
				1A74C38783DE279164B74E2C /* [CP] Check Pods Manifest.lock */,
				11B6A6EA1F7C5D2700AD3FCE /* Sources */,
				11B6A6EB1F7C5D2700AD3FCE /* Frameworks */,
				11B6A6EC1F7C5D2700AD3FCE /* Resources */,
				8A50DD478574CF24550C6215 /* [CP] Embed Pods Frameworks */,
				D3726F56A4D189104E09C078 /* [CP] Copy Pods Resources */,
			);
			buildRules = (
			);
			dependencies = (
			);
			name = SeasonOne;
			productName = SeasonOne;
			productReference = 11B6A6EE1F7C5D2700AD3FCE /* SeasonOne.app */;
			productType = "com.apple.product-type.application";
		};
		11B6A7041F7C5D2700AD3FCE /* SeasonOneTests */ = {
			isa = PBXNativeTarget;
			buildConfigurationList = 11B6A71C1F7C5D2700AD3FCE /* Build configuration list for PBXNativeTarget "SeasonOneTests" */;
			buildPhases = (
				11B6A7011F7C5D2700AD3FCE /* Sources */,
				11B6A7021F7C5D2700AD3FCE /* Frameworks */,
				11B6A7031F7C5D2700AD3FCE /* Resources */,
			);
			buildRules = (
			);
			dependencies = (
				11B6A7071F7C5D2700AD3FCE /* PBXTargetDependency */,
			);
			name = SeasonOneTests;
			productName = SeasonOneTests;
			productReference = 11B6A7051F7C5D2700AD3FCE /* SeasonOneTests.xctest */;
			productType = "com.apple.product-type.bundle.unit-test";
		};
		11B6A70F1F7C5D2700AD3FCE /* SeasonOneUITests */ = {
			isa = PBXNativeTarget;
			buildConfigurationList = 11B6A71F1F7C5D2700AD3FCE /* Build configuration list for PBXNativeTarget "SeasonOneUITests" */;
			buildPhases = (
				11B6A70C1F7C5D2700AD3FCE /* Sources */,
				11B6A70D1F7C5D2700AD3FCE /* Frameworks */,
				11B6A70E1F7C5D2700AD3FCE /* Resources */,
			);
			buildRules = (
			);
			dependencies = (
				11B6A7121F7C5D2700AD3FCE /* PBXTargetDependency */,
			);
			name = SeasonOneUITests;
			productName = SeasonOneUITests;
			productReference = 11B6A7101F7C5D2700AD3FCE /* SeasonOneUITests.xctest */;
			productType = "com.apple.product-type.bundle.ui-testing";
		};
/* End PBXNativeTarget section */

/* Begin PBXProject section */
		11B6A6E61F7C5D2700AD3FCE /* Project object */ = {
			isa = PBXProject;
			attributes = {
				LastSwiftUpdateCheck = 0900;
				LastUpgradeCheck = 0900;
				ORGANIZATIONNAME = "Alexander Elbracht";
				TargetAttributes = {
					11B6A6ED1F7C5D2700AD3FCE = {
						CreatedOnToolsVersion = 9.0;
						ProvisioningStyle = Automatic;
					};
					11B6A7041F7C5D2700AD3FCE = {
						CreatedOnToolsVersion = 9.0;
						LastSwiftMigration = 0900;
						ProvisioningStyle = Automatic;
						TestTargetID = 11B6A6ED1F7C5D2700AD3FCE;
					};
					11B6A70F1F7C5D2700AD3FCE = {
						CreatedOnToolsVersion = 9.0;
						ProvisioningStyle = Automatic;
						TestTargetID = 11B6A6ED1F7C5D2700AD3FCE;
					};
				};
			};
			buildConfigurationList = 11B6A6E91F7C5D2700AD3FCE /* Build configuration list for PBXProject "SeasonOne" */;
			compatibilityVersion = "Xcode 8.0";
			developmentRegion = en;
			hasScannedForEncodings = 0;
			knownRegions = (
				en,
				Base,
			);
			mainGroup = 11B6A6E51F7C5D2700AD3FCE;
			productRefGroup = 11B6A6EF1F7C5D2700AD3FCE /* Products */;
			projectDirPath = "";
			projectRoot = "";
			targets = (
				11B6A6ED1F7C5D2700AD3FCE /* SeasonOne */,
				11B6A7041F7C5D2700AD3FCE /* SeasonOneTests */,
				11B6A70F1F7C5D2700AD3FCE /* SeasonOneUITests */,
			);
		};
/* End PBXProject section */

/* Begin PBXResourcesBuildPhase section */
		11B6A6EC1F7C5D2700AD3FCE /* Resources */ = {
			isa = PBXResourcesBuildPhase;
			buildActionMask = 2147483647;
			files = (
				11ED817B1F81227200E8379E /* Montserrat-Regular.ttf in Resources */,
				11ED81791F81227200E8379E /* Montserrat-Light.ttf in Resources */,
				11ED817A1F81227200E8379E /* Montserrat-Medium.ttf in Resources */,
				11B6A6FF1F7C5D2700AD3FCE /* LaunchScreen.storyboard in Resources */,
				11B6A6FC1F7C5D2700AD3FCE /* Assets.xcassets in Resources */,
				11ED81781F81227200E8379E /* Montserrat-Bold.ttf in Resources */,
			);
			runOnlyForDeploymentPostprocessing = 0;
		};
		11B6A7031F7C5D2700AD3FCE /* Resources */ = {
			isa = PBXResourcesBuildPhase;
			buildActionMask = 2147483647;
			files = (
			);
			runOnlyForDeploymentPostprocessing = 0;
		};
		11B6A70E1F7C5D2700AD3FCE /* Resources */ = {
			isa = PBXResourcesBuildPhase;
			buildActionMask = 2147483647;
			files = (
			);
			runOnlyForDeploymentPostprocessing = 0;
		};
/* End PBXResourcesBuildPhase section */

/* Begin PBXShellScriptBuildPhase section */
		1A74C38783DE279164B74E2C /* [CP] Check Pods Manifest.lock */ = {
			isa = PBXShellScriptBuildPhase;
			buildActionMask = 2147483647;
			files = (
			);
			inputPaths = (
				"${PODS_PODFILE_DIR_PATH}/Podfile.lock",
				"${PODS_ROOT}/Manifest.lock",
			);
			name = "[CP] Check Pods Manifest.lock";
			outputPaths = (
				"$(DERIVED_FILE_DIR)/Pods-SeasonOne-checkManifestLockResult.txt",
			);
			runOnlyForDeploymentPostprocessing = 0;
			shellPath = /bin/sh;
			shellScript = "diff \"${PODS_PODFILE_DIR_PATH}/Podfile.lock\" \"${PODS_ROOT}/Manifest.lock\" > /dev/null\nif [ $? != 0 ] ; then\n    # print error to STDERR\n    echo \"error: The sandbox is not in sync with the Podfile.lock. Run 'pod install' or update your CocoaPods installation.\" >&2\n    exit 1\nfi\n# This output is used by Xcode 'outputs' to avoid re-running this script phase.\necho \"SUCCESS\" > \"${SCRIPT_OUTPUT_FILE_0}\"\n";
			showEnvVarsInLog = 0;
		};
		8A50DD478574CF24550C6215 /* [CP] Embed Pods Frameworks */ = {
			isa = PBXShellScriptBuildPhase;
			buildActionMask = 2147483647;
			files = (
			);
			inputPaths = (
				"${SRCROOT}/Pods/Target Support Files/Pods-SeasonOne/Pods-SeasonOne-frameworks.sh",
				"${BUILT_PRODUCTS_DIR}/SnapKit/SnapKit.framework",
			);
			name = "[CP] Embed Pods Frameworks";
			outputPaths = (
				"${TARGET_BUILD_DIR}/${FRAMEWORKS_FOLDER_PATH}/SnapKit.framework",
			);
			runOnlyForDeploymentPostprocessing = 0;
			shellPath = /bin/sh;
			shellScript = "\"${SRCROOT}/Pods/Target Support Files/Pods-SeasonOne/Pods-SeasonOne-frameworks.sh\"\n";
			showEnvVarsInLog = 0;
		};
		D3726F56A4D189104E09C078 /* [CP] Copy Pods Resources */ = {
			isa = PBXShellScriptBuildPhase;
			buildActionMask = 2147483647;
			files = (
			);
			inputPaths = (
			);
			name = "[CP] Copy Pods Resources";
			outputPaths = (
			);
			runOnlyForDeploymentPostprocessing = 0;
			shellPath = /bin/sh;
			shellScript = "\"${SRCROOT}/Pods/Target Support Files/Pods-SeasonOne/Pods-SeasonOne-resources.sh\"\n";
			showEnvVarsInLog = 0;
		};
/* End PBXShellScriptBuildPhase section */

/* Begin PBXSourcesBuildPhase section */
		11B6A6EA1F7C5D2700AD3FCE /* Sources */ = {
			isa = PBXSourcesBuildPhase;
			buildActionMask = 2147483647;
			files = (
				11B2E1AE1F7E7E7200C1DA20 /* SearchConstant.swift in Sources */,
				118C8BDC1F7E8DC80018015E /* ColorConstant.swift in Sources */,
				1170EB0E1F7D74DC0089FA7D /* SearchTransition.swift in Sources */,
				11E4BCA81F7D125E00169F6C /* IconTextField.swift in Sources */,
				11B6A6FA1F7C5D2700AD3FCE /* SeasonOne.xcdatamodeld in Sources */,
				11B6A6F41F7C5D2700AD3FCE /* ViewController.swift in Sources */,
				11ED81721F811A6200E8379E /* FontConstant.swift in Sources */,
				11E4BCAB1F7D130300169F6C /* UIImage.swift in Sources */,
				11B6A6F21F7C5D2700AD3FCE /* AppDelegate.swift in Sources */,
				11E4BCA61F7D122F00169F6C /* SearchController.swift in Sources */,
			);
			runOnlyForDeploymentPostprocessing = 0;
		};
		11B6A7011F7C5D2700AD3FCE /* Sources */ = {
			isa = PBXSourcesBuildPhase;
			buildActionMask = 2147483647;
			files = (
				1102CFFB1F7FE11200F81CBF /* IconTextFieldTests.swift in Sources */,
			);
			runOnlyForDeploymentPostprocessing = 0;
		};
		11B6A70C1F7C5D2700AD3FCE /* Sources */ = {
			isa = PBXSourcesBuildPhase;
			buildActionMask = 2147483647;
			files = (
				11DEDA971F7EDA520048F9DC /* SearchUITests.swift in Sources */,
			);
			runOnlyForDeploymentPostprocessing = 0;
		};
/* End PBXSourcesBuildPhase section */

/* Begin PBXTargetDependency section */
		11B6A7071F7C5D2700AD3FCE /* PBXTargetDependency */ = {
			isa = PBXTargetDependency;
			target = 11B6A6ED1F7C5D2700AD3FCE /* SeasonOne */;
			targetProxy = 11B6A7061F7C5D2700AD3FCE /* PBXContainerItemProxy */;
		};
		11B6A7121F7C5D2700AD3FCE /* PBXTargetDependency */ = {
			isa = PBXTargetDependency;
			target = 11B6A6ED1F7C5D2700AD3FCE /* SeasonOne */;
			targetProxy = 11B6A7111F7C5D2700AD3FCE /* PBXContainerItemProxy */;
		};
/* End PBXTargetDependency section */

/* Begin PBXVariantGroup section */
		11B6A6FD1F7C5D2700AD3FCE /* LaunchScreen.storyboard */ = {
			isa = PBXVariantGroup;
			children = (
				11B6A6FE1F7C5D2700AD3FCE /* Base */,
			);
			name = LaunchScreen.storyboard;
			sourceTree = "<group>";
		};
/* End PBXVariantGroup section */

/* Begin XCBuildConfiguration section */
		11B6A7171F7C5D2700AD3FCE /* Debug */ = {
			isa = XCBuildConfiguration;
			buildSettings = {
				ALWAYS_SEARCH_USER_PATHS = NO;
				CLANG_ANALYZER_NONNULL = YES;
				CLANG_ANALYZER_NUMBER_OBJECT_CONVERSION = YES_AGGRESSIVE;
				CLANG_CXX_LANGUAGE_STANDARD = "gnu++14";
				CLANG_CXX_LIBRARY = "libc++";
				CLANG_ENABLE_MODULES = YES;
				CLANG_ENABLE_OBJC_ARC = YES;
				CLANG_WARN_BLOCK_CAPTURE_AUTORELEASING = YES;
				CLANG_WARN_BOOL_CONVERSION = YES;
				CLANG_WARN_COMMA = YES;
				CLANG_WARN_CONSTANT_CONVERSION = YES;
				CLANG_WARN_DIRECT_OBJC_ISA_USAGE = YES_ERROR;
				CLANG_WARN_DOCUMENTATION_COMMENTS = YES;
				CLANG_WARN_EMPTY_BODY = YES;
				CLANG_WARN_ENUM_CONVERSION = YES;
				CLANG_WARN_INFINITE_RECURSION = YES;
				CLANG_WARN_INT_CONVERSION = YES;
				CLANG_WARN_NON_LITERAL_NULL_CONVERSION = YES;
				CLANG_WARN_OBJC_LITERAL_CONVERSION = YES;
				CLANG_WARN_OBJC_ROOT_CLASS = YES_ERROR;
				CLANG_WARN_RANGE_LOOP_ANALYSIS = YES;
				CLANG_WARN_STRICT_PROTOTYPES = YES;
				CLANG_WARN_SUSPICIOUS_MOVE = YES;
				CLANG_WARN_UNGUARDED_AVAILABILITY = YES_AGGRESSIVE;
				CLANG_WARN_UNREACHABLE_CODE = YES;
				CLANG_WARN__DUPLICATE_METHOD_MATCH = YES;
				CODE_SIGN_IDENTITY = "iPhone Developer";
				COPY_PHASE_STRIP = NO;
				DEBUG_INFORMATION_FORMAT = dwarf;
				ENABLE_STRICT_OBJC_MSGSEND = YES;
				ENABLE_TESTABILITY = YES;
				GCC_C_LANGUAGE_STANDARD = gnu11;
				GCC_DYNAMIC_NO_PIC = NO;
				GCC_NO_COMMON_BLOCKS = YES;
				GCC_OPTIMIZATION_LEVEL = 0;
				GCC_PREPROCESSOR_DEFINITIONS = (
					"DEBUG=1",
					"$(inherited)",
				);
				GCC_WARN_64_TO_32_BIT_CONVERSION = YES;
				GCC_WARN_ABOUT_RETURN_TYPE = YES_ERROR;
				GCC_WARN_UNDECLARED_SELECTOR = YES;
				GCC_WARN_UNINITIALIZED_AUTOS = YES_AGGRESSIVE;
				GCC_WARN_UNUSED_FUNCTION = YES;
				GCC_WARN_UNUSED_VARIABLE = YES;
				IPHONEOS_DEPLOYMENT_TARGET = 11.0;
				MTL_ENABLE_DEBUG_INFO = YES;
				ONLY_ACTIVE_ARCH = YES;
				SDKROOT = iphoneos;
				SWIFT_ACTIVE_COMPILATION_CONDITIONS = DEBUG;
				SWIFT_OPTIMIZATION_LEVEL = "-Onone";
			};
			name = Debug;
		};
		11B6A7181F7C5D2700AD3FCE /* Release */ = {
			isa = XCBuildConfiguration;
			buildSettings = {
				ALWAYS_SEARCH_USER_PATHS = NO;
				CLANG_ANALYZER_NONNULL = YES;
				CLANG_ANALYZER_NUMBER_OBJECT_CONVERSION = YES_AGGRESSIVE;
				CLANG_CXX_LANGUAGE_STANDARD = "gnu++14";
				CLANG_CXX_LIBRARY = "libc++";
				CLANG_ENABLE_MODULES = YES;
				CLANG_ENABLE_OBJC_ARC = YES;
				CLANG_WARN_BLOCK_CAPTURE_AUTORELEASING = YES;
				CLANG_WARN_BOOL_CONVERSION = YES;
				CLANG_WARN_COMMA = YES;
				CLANG_WARN_CONSTANT_CONVERSION = YES;
				CLANG_WARN_DIRECT_OBJC_ISA_USAGE = YES_ERROR;
				CLANG_WARN_DOCUMENTATION_COMMENTS = YES;
				CLANG_WARN_EMPTY_BODY = YES;
				CLANG_WARN_ENUM_CONVERSION = YES;
				CLANG_WARN_INFINITE_RECURSION = YES;
				CLANG_WARN_INT_CONVERSION = YES;
				CLANG_WARN_NON_LITERAL_NULL_CONVERSION = YES;
				CLANG_WARN_OBJC_LITERAL_CONVERSION = YES;
				CLANG_WARN_OBJC_ROOT_CLASS = YES_ERROR;
				CLANG_WARN_RANGE_LOOP_ANALYSIS = YES;
				CLANG_WARN_STRICT_PROTOTYPES = YES;
				CLANG_WARN_SUSPICIOUS_MOVE = YES;
				CLANG_WARN_UNGUARDED_AVAILABILITY = YES_AGGRESSIVE;
				CLANG_WARN_UNREACHABLE_CODE = YES;
				CLANG_WARN__DUPLICATE_METHOD_MATCH = YES;
				CODE_SIGN_IDENTITY = "iPhone Developer";
				COPY_PHASE_STRIP = NO;
				DEBUG_INFORMATION_FORMAT = "dwarf-with-dsym";
				ENABLE_NS_ASSERTIONS = NO;
				ENABLE_STRICT_OBJC_MSGSEND = YES;
				GCC_C_LANGUAGE_STANDARD = gnu11;
				GCC_NO_COMMON_BLOCKS = YES;
				GCC_WARN_64_TO_32_BIT_CONVERSION = YES;
				GCC_WARN_ABOUT_RETURN_TYPE = YES_ERROR;
				GCC_WARN_UNDECLARED_SELECTOR = YES;
				GCC_WARN_UNINITIALIZED_AUTOS = YES_AGGRESSIVE;
				GCC_WARN_UNUSED_FUNCTION = YES;
				GCC_WARN_UNUSED_VARIABLE = YES;
				IPHONEOS_DEPLOYMENT_TARGET = 11.0;
				MTL_ENABLE_DEBUG_INFO = NO;
				SDKROOT = iphoneos;
				SWIFT_OPTIMIZATION_LEVEL = "-Owholemodule";
				VALIDATE_PRODUCT = YES;
			};
			name = Release;
		};
		11B6A71A1F7C5D2700AD3FCE /* Debug */ = {
			isa = XCBuildConfiguration;
			baseConfigurationReference = B7B39545EBCAF3F9F95D170D /* Pods-SeasonOne.debug.xcconfig */;
			buildSettings = {
				ASSETCATALOG_COMPILER_APPICON_NAME = AppIcon;
				CODE_SIGN_STYLE = Automatic;
				DEVELOPMENT_TEAM = VQAC5X3ZPF;
				INFOPLIST_FILE = SeasonOne/Info.plist;
				LD_RUNPATH_SEARCH_PATHS = "$(inherited) @executable_path/Frameworks";
				PRODUCT_BUNDLE_IDENTIFIER = org.elbracht.SeasonOne;
				PRODUCT_NAME = "$(TARGET_NAME)";
				SWIFT_VERSION = 4.0;
				TARGETED_DEVICE_FAMILY = 1;
			};
			name = Debug;
		};
		11B6A71B1F7C5D2700AD3FCE /* Release */ = {
			isa = XCBuildConfiguration;
			baseConfigurationReference = A6AEBBAC6AA64E853FED9642 /* Pods-SeasonOne.release.xcconfig */;
			buildSettings = {
				ASSETCATALOG_COMPILER_APPICON_NAME = AppIcon;
				CODE_SIGN_STYLE = Automatic;
				DEVELOPMENT_TEAM = VQAC5X3ZPF;
				INFOPLIST_FILE = SeasonOne/Info.plist;
				LD_RUNPATH_SEARCH_PATHS = "$(inherited) @executable_path/Frameworks";
				PRODUCT_BUNDLE_IDENTIFIER = org.elbracht.SeasonOne;
				PRODUCT_NAME = "$(TARGET_NAME)";
				SWIFT_VERSION = 4.0;
				TARGETED_DEVICE_FAMILY = 1;
			};
			name = Release;
		};
		11B6A71D1F7C5D2700AD3FCE /* Debug */ = {
			isa = XCBuildConfiguration;
			buildSettings = {
				ALWAYS_EMBED_SWIFT_STANDARD_LIBRARIES = YES;
				BUNDLE_LOADER = "$(TEST_HOST)";
				CLANG_ENABLE_MODULES = YES;
				CODE_SIGN_STYLE = Automatic;
				DEVELOPMENT_TEAM = VQAC5X3ZPF;
				INFOPLIST_FILE = SeasonOneTests/Info.plist;
				LD_RUNPATH_SEARCH_PATHS = "$(inherited) @executable_path/Frameworks @loader_path/Frameworks";
				PRODUCT_BUNDLE_IDENTIFIER = org.elbracht.SeasonOneTests;
				PRODUCT_NAME = "$(TARGET_NAME)";
				SWIFT_OPTIMIZATION_LEVEL = "-Onone";
				SWIFT_VERSION = 4.0;
				TARGETED_DEVICE_FAMILY = "1,2";
				TEST_HOST = "$(BUILT_PRODUCTS_DIR)/SeasonOne.app/SeasonOne";
			};
			name = Debug;
		};
		11B6A71E1F7C5D2700AD3FCE /* Release */ = {
			isa = XCBuildConfiguration;
			buildSettings = {
				ALWAYS_EMBED_SWIFT_STANDARD_LIBRARIES = YES;
				BUNDLE_LOADER = "$(TEST_HOST)";
				CLANG_ENABLE_MODULES = YES;
				CODE_SIGN_STYLE = Automatic;
				DEVELOPMENT_TEAM = VQAC5X3ZPF;
				INFOPLIST_FILE = SeasonOneTests/Info.plist;
				LD_RUNPATH_SEARCH_PATHS = "$(inherited) @executable_path/Frameworks @loader_path/Frameworks";
				PRODUCT_BUNDLE_IDENTIFIER = org.elbracht.SeasonOneTests;
				PRODUCT_NAME = "$(TARGET_NAME)";
				SWIFT_VERSION = 4.0;
				TARGETED_DEVICE_FAMILY = "1,2";
				TEST_HOST = "$(BUILT_PRODUCTS_DIR)/SeasonOne.app/SeasonOne";
			};
			name = Release;
		};
		11B6A7201F7C5D2700AD3FCE /* Debug */ = {
			isa = XCBuildConfiguration;
			buildSettings = {
				ALWAYS_EMBED_SWIFT_STANDARD_LIBRARIES = YES;
				CODE_SIGN_STYLE = Automatic;
				DEVELOPMENT_TEAM = VQAC5X3ZPF;
				INFOPLIST_FILE = SeasonOneUITests/Info.plist;
				LD_RUNPATH_SEARCH_PATHS = "$(inherited) @executable_path/Frameworks @loader_path/Frameworks";
				PRODUCT_BUNDLE_IDENTIFIER = org.elbracht.SeasonOneUITests;
				PRODUCT_NAME = "$(TARGET_NAME)";
				SWIFT_VERSION = 4.0;
				TARGETED_DEVICE_FAMILY = "1,2";
				TEST_TARGET_NAME = SeasonOne;
			};
			name = Debug;
		};
		11B6A7211F7C5D2700AD3FCE /* Release */ = {
			isa = XCBuildConfiguration;
			buildSettings = {
				ALWAYS_EMBED_SWIFT_STANDARD_LIBRARIES = YES;
				CODE_SIGN_STYLE = Automatic;
				DEVELOPMENT_TEAM = VQAC5X3ZPF;
				INFOPLIST_FILE = SeasonOneUITests/Info.plist;
				LD_RUNPATH_SEARCH_PATHS = "$(inherited) @executable_path/Frameworks @loader_path/Frameworks";
				PRODUCT_BUNDLE_IDENTIFIER = org.elbracht.SeasonOneUITests;
				PRODUCT_NAME = "$(TARGET_NAME)";
				SWIFT_VERSION = 4.0;
				TARGETED_DEVICE_FAMILY = "1,2";
				TEST_TARGET_NAME = SeasonOne;
			};
			name = Release;
		};
/* End XCBuildConfiguration section */

/* Begin XCConfigurationList section */
		11B6A6E91F7C5D2700AD3FCE /* Build configuration list for PBXProject "SeasonOne" */ = {
			isa = XCConfigurationList;
			buildConfigurations = (
				11B6A7171F7C5D2700AD3FCE /* Debug */,
				11B6A7181F7C5D2700AD3FCE /* Release */,
			);
			defaultConfigurationIsVisible = 0;
			defaultConfigurationName = Release;
		};
		11B6A7191F7C5D2700AD3FCE /* Build configuration list for PBXNativeTarget "SeasonOne" */ = {
			isa = XCConfigurationList;
			buildConfigurations = (
				11B6A71A1F7C5D2700AD3FCE /* Debug */,
				11B6A71B1F7C5D2700AD3FCE /* Release */,
			);
			defaultConfigurationIsVisible = 0;
			defaultConfigurationName = Release;
		};
		11B6A71C1F7C5D2700AD3FCE /* Build configuration list for PBXNativeTarget "SeasonOneTests" */ = {
			isa = XCConfigurationList;
			buildConfigurations = (
				11B6A71D1F7C5D2700AD3FCE /* Debug */,
				11B6A71E1F7C5D2700AD3FCE /* Release */,
			);
			defaultConfigurationIsVisible = 0;
			defaultConfigurationName = Release;
		};
		11B6A71F1F7C5D2700AD3FCE /* Build configuration list for PBXNativeTarget "SeasonOneUITests" */ = {
			isa = XCConfigurationList;
			buildConfigurations = (
				11B6A7201F7C5D2700AD3FCE /* Debug */,
				11B6A7211F7C5D2700AD3FCE /* Release */,
			);
			defaultConfigurationIsVisible = 0;
			defaultConfigurationName = Release;
		};
/* End XCConfigurationList section */

/* Begin XCVersionGroup section */
		11B6A6F81F7C5D2700AD3FCE /* SeasonOne.xcdatamodeld */ = {
			isa = XCVersionGroup;
			children = (
				11B6A6F91F7C5D2700AD3FCE /* SeasonOne.xcdatamodel */,
			);
			currentVersion = 11B6A6F91F7C5D2700AD3FCE /* SeasonOne.xcdatamodel */;
			path = SeasonOne.xcdatamodeld;
			sourceTree = "<group>";
			versionGroupType = wrapper.xcdatamodel;
		};
/* End XCVersionGroup section */
	};
	rootObject = 11B6A6E61F7C5D2700AD3FCE /* Project object */;
}
